
Microsoft Visual Studio Solution File, Format Version 12.00
# Visual Studio 15
VisualStudioVersion = 15.0.26228.4
MinimumVisualStudioVersion = 10.0.40219.1
Project("{FAE04EC0-301F-11D3-BF4B-00C04F79EFBC}") = "CoreExtensions", "CoreExtensions\CoreExtensions.csproj", "{EB9CC8F5-AD18-4299-ABCD-150F51287744}"
EndProject
Project("{FAE04EC0-301F-11D3-BF4B-00C04F79EFBC}") = "CoreExtensionsTest", "CoreExtensionsTest\CoreExtensionsTest.csproj", "{80661F7E-A6D4-4E51-A653-D56D8FBA1E2D}"
EndProject
Global
	GlobalSection(SolutionConfigurationPlatforms) = preSolution
		Debug|Any CPU = Debug|Any CPU
		Release|Any CPU = Release|Any CPU
	EndGlobalSection
	GlobalSection(ProjectConfigurationPlatforms) = postSolution
		{EB9CC8F5-AD18-4299-ABCD-150F51287744}.Debug|Any CPU.ActiveCfg = Debug|Any CPU
		{EB9CC8F5-AD18-4299-ABCD-150F51287744}.Debug|Any CPU.Build.0 = Debug|Any CPU
		{EB9CC8F5-AD18-4299-ABCD-150F51287744}.Debug|Any CPU.Deploy.0 = Debug|Any CPU
		{EB9CC8F5-AD18-4299-ABCD-150F51287744}.Release|Any CPU.ActiveCfg = Release|Any CPU
		{EB9CC8F5-AD18-4299-ABCD-150F51287744}.Release|Any CPU.Build.0 = Release|Any CPU
		{80661F7E-A6D4-4E51-A653-D56D8FBA1E2D}.Debug|Any CPU.ActiveCfg = Debug|Any CPU
		{80661F7E-A6D4-4E51-A653-D56D8FBA1E2D}.Debug|Any CPU.Build.0 = Debug|Any CPU
		{80661F7E-A6D4-4E51-A653-D56D8FBA1E2D}.Release|Any CPU.ActiveCfg = Release|Any CPU
		{80661F7E-A6D4-4E51-A653-D56D8FBA1E2D}.Release|Any CPU.Build.0 = Release|Any CPU
	EndGlobalSection
	GlobalSection(SolutionProperties) = preSolution
		HideSolutionNode = FALSE
	EndGlobalSection
EndGlobal
